
Microsoft Visual Studio Solution File, Format Version 12.00
Project("{FAE04EC0-301F-11D3-BF4B-00C04F79EFBC}") = "AtScheduler", "AtScheduler.csproj", "{34A23144-59AE-472B-A37E-4D82F56F26F4}"
EndProject
Global
	GlobalSection(SolutionConfigurationPlatforms) = preSolution
		Debug|Any CPU = Debug|Any CPU
		Release|Any CPU = Release|Any CPU
	EndGlobalSection
	GlobalSection(ProjectConfigurationPlatforms) = postSolution
		{34A23144-59AE-472B-A37E-4D82F56F26F4}.Debug|Any CPU.ActiveCfg = Debug|Any CPU
		{34A23144-59AE-472B-A37E-4D82F56F26F4}.Debug|Any CPU.Build.0 = Debug|Any CPU
		{34A23144-59AE-472B-A37E-4D82F56F26F4}.Release|Any CPU.ActiveCfg = Release|Any CPU
		{34A23144-59AE-472B-A37E-4D82F56F26F4}.Release|Any CPU.Build.0 = Release|Any CPU
	EndGlobalSection
EndGlobal
